
Microsoft Visual Studio Solution File, Format Version 12.00
# Visual Studio 14
VisualStudioVersion = 14.0.24720.0
MinimumVisualStudioVersion = 10.0.40219.1
Project("{FAE04EC0-301F-11D3-BF4B-00C04F79EFBC}") = "loja-virtual", "loja-virtual\loja-virtual.csproj", "{DDAFECC3-2623-4061-A3C2-EB8029F90AAF}"
EndProject
Global
	GlobalSection(SolutionConfigurationPlatforms) = preSolution
		Debug|Any CPU = Debug|Any CPU
		Release|Any CPU = Release|Any CPU
	EndGlobalSection
	GlobalSection(ProjectConfigurationPlatforms) = postSolution
		{DDAFECC3-2623-4061-A3C2-EB8029F90AAF}.Debug|Any CPU.ActiveCfg = Debug|Any CPU
		{DDAFECC3-2623-4061-A3C2-EB8029F90AAF}.Debug|Any CPU.Build.0 = Debug|Any CPU
		{DDAFECC3-2623-4061-A3C2-EB8029F90AAF}.Release|Any CPU.ActiveCfg = Release|Any CPU
		{DDAFECC3-2623-4061-A3C2-EB8029F90AAF}.Release|Any CPU.Build.0 = Release|Any CPU
	EndGlobalSection
	GlobalSection(SolutionProperties) = preSolution
		HideSolutionNode = FALSE
	EndGlobalSection
EndGlobal
